
Microsoft Visual Studio Solution File, Format Version 12.00
# Visual Studio 2012
VisualStudioVersion = 12.0.21005.1
MinimumVisualStudioVersion = 10.0.40219.1
Project("{D954291E-2A0B-460D-934E-DC6B0785DB48}") = "WodstarMobileApp", "WodstarMobileApp\WodstarMobileApp.shproj", "{E0752859-9DE5-4C5A-A585-EAC3B5CE3913}"
EndProject
Project("{FAE04EC0-301F-11D3-BF4B-00C04F79EFBC}") = "WodstarMobileApp.Droid", "Droid\WodstarMobileApp.Droid.csproj", "{CA7F40A4-2604-4EBE-B353-D05B7099A49B}"
EndProject
Project("{FAE04EC0-301F-11D3-BF4B-00C04F79EFBC}") = "YoutubeJavaBindings", "YoutubeJavaBindings\YoutubeJavaBindings.csproj", "{EF1EE6AB-AF08-417D-B3E3-7F5A57ED32D3}"
EndProject
Project("{2150E333-8FDC-42A3-9474-1A3956D46DE8}") = "Solution Items", "Solution Items", "{59810D8E-F08B-4408-9F43-8C49CAD3B2B3}"
	ProjectSection(SolutionItems) = preProject
		WodstarMobileApp.sln = WodstarMobileApp.sln
	EndProjectSection
EndProject
Project("{FAE04EC0-301F-11D3-BF4B-00C04F79EFBC}") = "WodstarMobileApp.iOS", "WodstarMobileApp.iOS\WodstarMobileApp.iOS.csproj", "{045A0FFC-51D6-4D96-8829-563F4E8CCB89}"
EndProject
Global
	GlobalSection(SolutionConfigurationPlatforms) = preSolution
		Ad-Hoc|Any CPU = Ad-Hoc|Any CPU
		Ad-Hoc|iPhone = Ad-Hoc|iPhone
		Ad-Hoc|iPhoneSimulator = Ad-Hoc|iPhoneSimulator
		AppStore|Any CPU = AppStore|Any CPU
		AppStore|iPhone = AppStore|iPhone
		AppStore|iPhoneSimulator = AppStore|iPhoneSimulator
		Debug|Any CPU = Debug|Any CPU
		Debug|iPhone = Debug|iPhone
		Debug|iPhoneSimulator = Debug|iPhoneSimulator
		Release|Any CPU = Release|Any CPU
		Release|iPhone = Release|iPhone
		Release|iPhoneSimulator = Release|iPhoneSimulator
	EndGlobalSection
	GlobalSection(ProjectConfigurationPlatforms) = postSolution
		{045A0FFC-51D6-4D96-8829-563F4E8CCB89}.Ad-Hoc|Any CPU.ActiveCfg = Ad-Hoc|iPhone
		{045A0FFC-51D6-4D96-8829-563F4E8CCB89}.Ad-Hoc|Any CPU.Build.0 = Ad-Hoc|iPhone
		{045A0FFC-51D6-4D96-8829-563F4E8CCB89}.Ad-Hoc|iPhone.ActiveCfg = Ad-Hoc|iPhone
		{045A0FFC-51D6-4D96-8829-563F4E8CCB89}.Ad-Hoc|iPhone.Build.0 = Ad-Hoc|iPhone
		{045A0FFC-51D6-4D96-8829-563F4E8CCB89}.Ad-Hoc|iPhoneSimulator.ActiveCfg = Debug|iPhoneSimulator
		{045A0FFC-51D6-4D96-8829-563F4E8CCB89}.Ad-Hoc|iPhoneSimulator.Build.0 = Debug|iPhoneSimulator
		{045A0FFC-51D6-4D96-8829-563F4E8CCB89}.AppStore|Any CPU.ActiveCfg = AppStore|iPhone
		{045A0FFC-51D6-4D96-8829-563F4E8CCB89}.AppStore|Any CPU.Build.0 = AppStore|iPhone
		{045A0FFC-51D6-4D96-8829-563F4E8CCB89}.AppStore|iPhone.ActiveCfg = AppStore|iPhone
		{045A0FFC-51D6-4D96-8829-563F4E8CCB89}.AppStore|iPhone.Build.0 = AppStore|iPhone
		{045A0FFC-51D6-4D96-8829-563F4E8CCB89}.AppStore|iPhoneSimulator.ActiveCfg = Debug|iPhoneSimulator
		{045A0FFC-51D6-4D96-8829-563F4E8CCB89}.AppStore|iPhoneSimulator.Build.0 = Debug|iPhoneSimulator
		{045A0FFC-51D6-4D96-8829-563F4E8CCB89}.Debug|Any CPU.ActiveCfg = Debug|iPhoneSimulator
		{045A0FFC-51D6-4D96-8829-563F4E8CCB89}.Debug|Any CPU.Build.0 = Debug|iPhoneSimulator
		{045A0FFC-51D6-4D96-8829-563F4E8CCB89}.Debug|iPhone.ActiveCfg = Debug|iPhone
		{045A0FFC-51D6-4D96-8829-563F4E8CCB89}.Debug|iPhone.Build.0 = Debug|iPhone
		{045A0FFC-51D6-4D96-8829-563F4E8CCB89}.Debug|iPhoneSimulator.ActiveCfg = Debug|iPhoneSimulator
		{045A0FFC-51D6-4D96-8829-563F4E8CCB89}.Debug|iPhoneSimulator.Build.0 = Debug|iPhoneSimulator
		{045A0FFC-51D6-4D96-8829-563F4E8CCB89}.Release|Any CPU.ActiveCfg = Release|iPhoneSimulator
		{045A0FFC-51D6-4D96-8829-563F4E8CCB89}.Release|Any CPU.Build.0 = Release|iPhoneSimulator
		{045A0FFC-51D6-4D96-8829-563F4E8CCB89}.Release|iPhone.ActiveCfg = Release|iPhone
		{045A0FFC-51D6-4D96-8829-563F4E8CCB89}.Release|iPhone.Build.0 = Release|iPhone
		{045A0FFC-51D6-4D96-8829-563F4E8CCB89}.Release|iPhoneSimulator.ActiveCfg = Release|iPhoneSimulator
		{045A0FFC-51D6-4D96-8829-563F4E8CCB89}.Release|iPhoneSimulator.Build.0 = Release|iPhoneSimulator
		{CA7F40A4-2604-4EBE-B353-D05B7099A49B}.Ad-Hoc|Any CPU.ActiveCfg = Release|Any CPU
		{CA7F40A4-2604-4EBE-B353-D05B7099A49B}.Ad-Hoc|Any CPU.Build.0 = Release|Any CPU
		{CA7F40A4-2604-4EBE-B353-D05B7099A49B}.Ad-Hoc|Any CPU.Deploy.0 = Release|Any CPU
		{CA7F40A4-2604-4EBE-B353-D05B7099A49B}.Ad-Hoc|iPhone.ActiveCfg = Debug|Any CPU
		{CA7F40A4-2604-4EBE-B353-D05B7099A49B}.Ad-Hoc|iPhone.Build.0 = Debug|Any CPU
		{CA7F40A4-2604-4EBE-B353-D05B7099A49B}.Ad-Hoc|iPhoneSimulator.ActiveCfg = Release|Any CPU
		{CA7F40A4-2604-4EBE-B353-D05B7099A49B}.AppStore|Any CPU.ActiveCfg = Release|Any CPU
		{CA7F40A4-2604-4EBE-B353-D05B7099A49B}.AppStore|Any CPU.Build.0 = Release|Any CPU
		{CA7F40A4-2604-4EBE-B353-D05B7099A49B}.AppStore|Any CPU.Deploy.0 = Release|Any CPU
		{CA7F40A4-2604-4EBE-B353-D05B7099A49B}.AppStore|iPhone.ActiveCfg = Debug|Any CPU
		{CA7F40A4-2604-4EBE-B353-D05B7099A49B}.AppStore|iPhone.Build.0 = Debug|Any CPU
		{CA7F40A4-2604-4EBE-B353-D05B7099A49B}.AppStore|iPhoneSimulator.ActiveCfg = Release|Any CPU
		{CA7F40A4-2604-4EBE-B353-D05B7099A49B}.Debug|Any CPU.ActiveCfg = Debug|Any CPU
		{CA7F40A4-2604-4EBE-B353-D05B7099A49B}.Debug|Any CPU.Build.0 = Debug|Any CPU
		{CA7F40A4-2604-4EBE-B353-D05B7099A49B}.Debug|iPhone.ActiveCfg = Debug|Any CPU
		{CA7F40A4-2604-4EBE-B353-D05B7099A49B}.Debug|iPhone.Build.0 = Debug|Any CPU
		{CA7F40A4-2604-4EBE-B353-D05B7099A49B}.Debug|iPhoneSimulator.ActiveCfg = Debug|Any CPU
		{CA7F40A4-2604-4EBE-B353-D05B7099A49B}.Debug|iPhoneSimulator.Build.0 = Debug|Any CPU
		{CA7F40A4-2604-4EBE-B353-D05B7099A49B}.Release|Any CPU.ActiveCfg = Release|Any CPU
		{CA7F40A4-2604-4EBE-B353-D05B7099A49B}.Release|Any CPU.Build.0 = Release|Any CPU
		{CA7F40A4-2604-4EBE-B353-D05B7099A49B}.Release|iPhone.ActiveCfg = Release|Any CPU
		{CA7F40A4-2604-4EBE-B353-D05B7099A49B}.Release|iPhone.Build.0 = Release|Any CPU
		{CA7F40A4-2604-4EBE-B353-D05B7099A49B}.Release|iPhoneSimulator.ActiveCfg = Release|Any CPU
		{CA7F40A4-2604-4EBE-B353-D05B7099A49B}.Release|iPhoneSimulator.Build.0 = Release|Any CPU
		{EF1EE6AB-AF08-417D-B3E3-7F5A57ED32D3}.Ad-Hoc|Any CPU.ActiveCfg = Release|Any CPU
		{EF1EE6AB-AF08-417D-B3E3-7F5A57ED32D3}.Ad-Hoc|Any CPU.Build.0 = Release|Any CPU
		{EF1EE6AB-AF08-417D-B3E3-7F5A57ED32D3}.Ad-Hoc|iPhone.ActiveCfg = Debug|Any CPU
		{EF1EE6AB-AF08-417D-B3E3-7F5A57ED32D3}.Ad-Hoc|iPhone.Build.0 = Debug|Any CPU
		{EF1EE6AB-AF08-417D-B3E3-7F5A57ED32D3}.Ad-Hoc|iPhoneSimulator.ActiveCfg = Release|Any CPU
		{EF1EE6AB-AF08-417D-B3E3-7F5A57ED32D3}.AppStore|Any CPU.ActiveCfg = Release|Any CPU
		{EF1EE6AB-AF08-417D-B3E3-7F5A57ED32D3}.AppStore|Any CPU.Build.0 = Release|Any CPU
		{EF1EE6AB-AF08-417D-B3E3-7F5A57ED32D3}.AppStore|iPhone.ActiveCfg = Debug|Any CPU
		{EF1EE6AB-AF08-417D-B3E3-7F5A57ED32D3}.AppStore|iPhone.Build.0 = Debug|Any CPU
		{EF1EE6AB-AF08-417D-B3E3-7F5A57ED32D3}.AppStore|iPhoneSimulator.ActiveCfg = Release|Any CPU
		{EF1EE6AB-AF08-417D-B3E3-7F5A57ED32D3}.Debug|Any CPU.ActiveCfg = Debug|Any CPU
		{EF1EE6AB-AF08-417D-B3E3-7F5A57ED32D3}.Debug|Any CPU.Build.0 = Debug|Any CPU
		{EF1EE6AB-AF08-417D-B3E3-7F5A57ED32D3}.Debug|iPhone.ActiveCfg = Debug|Any CPU
		{EF1EE6AB-AF08-417D-B3E3-7F5A57ED32D3}.Debug|iPhone.Build.0 = Debug|Any CPU
		{EF1EE6AB-AF08-417D-B3E3-7F5A57ED32D3}.Debug|iPhoneSimulator.ActiveCfg = Debug|Any CPU
		{EF1EE6AB-AF08-417D-B3E3-7F5A57ED32D3}.Debug|iPhoneSimulator.Build.0 = Debug|Any CPU
		{EF1EE6AB-AF08-417D-B3E3-7F5A57ED32D3}.Release|Any CPU.ActiveCfg = Release|Any CPU
		{EF1EE6AB-AF08-417D-B3E3-7F5A57ED32D3}.Release|Any CPU.Build.0 = Release|Any CPU
		{EF1EE6AB-AF08-417D-B3E3-7F5A57ED32D3}.Release|iPhone.ActiveCfg = Release|Any CPU
		{EF1EE6AB-AF08-417D-B3E3-7F5A57ED32D3}.Release|iPhone.Build.0 = Release|Any CPU
		{EF1EE6AB-AF08-417D-B3E3-7F5A57ED32D3}.Release|iPhoneSimulator.ActiveCfg = Release|Any CPU
		{EF1EE6AB-AF08-417D-B3E3-7F5A57ED32D3}.Release|iPhoneSimulator.Build.0 = Release|Any CPU
	EndGlobalSection
	GlobalSection(NestedProjects) = preSolution
	EndGlobalSection
	GlobalSection(SolutionProperties) = preSolution
		HideSolutionNode = FALSE
	EndGlobalSection
EndGlobal
