
Microsoft Visual Studio Solution File, Format Version 12.00
# Visual Studio 2012
Project("{D954291E-2A0B-460D-934E-DC6B0785DB48}") = "WodstarMobileApp", "WodstarMobileApp\WodstarMobileApp.shproj", "{E0752859-9DE5-4C5A-A585-EAC3B5CE3913}"
EndProject
Project("{FAE04EC0-301F-11D3-BF4B-00C04F79EFBC}") = "WodstarMobileApp.Droid", "Droid\WodstarMobileApp.Droid.csproj", "{CA7F40A4-2604-4EBE-B353-D05B7099A49B}"
EndProject
Project("{FAE04EC0-301F-11D3-BF4B-00C04F79EFBC}") = "WodstarMobileApp.iOS", "WodstarMobileApp.iOS\WodstarMobileApp.iOS.csproj", "{A020443F-2322-4EB0-BD3A-DB04CFB63D15}"
EndProject
Global
	GlobalSection(SolutionConfigurationPlatforms) = preSolution
		Debug|Any CPU = Debug|Any CPU
		Release|Any CPU = Release|Any CPU
		Debug|iPhoneSimulator = Debug|iPhoneSimulator
		Release|iPhoneSimulator = Release|iPhoneSimulator
		Debug|iPhone = Debug|iPhone
		Release|iPhone = Release|iPhone
		Ad-Hoc|iPhone = Ad-Hoc|iPhone
		AppStore|iPhone = AppStore|iPhone
	EndGlobalSection
	GlobalSection(ProjectConfigurationPlatforms) = postSolution
		{A020443F-2322-4EB0-BD3A-DB04CFB63D15}.Ad-Hoc|iPhone.ActiveCfg = Ad-Hoc|iPhone
		{A020443F-2322-4EB0-BD3A-DB04CFB63D15}.Ad-Hoc|iPhone.Build.0 = Ad-Hoc|iPhone
		{A020443F-2322-4EB0-BD3A-DB04CFB63D15}.AppStore|iPhone.ActiveCfg = AppStore|iPhone
		{A020443F-2322-4EB0-BD3A-DB04CFB63D15}.AppStore|iPhone.Build.0 = AppStore|iPhone
		{A020443F-2322-4EB0-BD3A-DB04CFB63D15}.Debug|Any CPU.ActiveCfg = Debug|iPhoneSimulator
		{A020443F-2322-4EB0-BD3A-DB04CFB63D15}.Debug|Any CPU.Build.0 = Debug|iPhoneSimulator
		{A020443F-2322-4EB0-BD3A-DB04CFB63D15}.Debug|iPhone.ActiveCfg = Debug|iPhone
		{A020443F-2322-4EB0-BD3A-DB04CFB63D15}.Debug|iPhone.Build.0 = Debug|iPhone
		{A020443F-2322-4EB0-BD3A-DB04CFB63D15}.Debug|iPhoneSimulator.ActiveCfg = Debug|iPhoneSimulator
		{A020443F-2322-4EB0-BD3A-DB04CFB63D15}.Debug|iPhoneSimulator.Build.0 = Debug|iPhoneSimulator
		{A020443F-2322-4EB0-BD3A-DB04CFB63D15}.Release|Any CPU.ActiveCfg = Release|iPhoneSimulator
		{A020443F-2322-4EB0-BD3A-DB04CFB63D15}.Release|Any CPU.Build.0 = Release|iPhoneSimulator
		{A020443F-2322-4EB0-BD3A-DB04CFB63D15}.Release|iPhone.ActiveCfg = Release|iPhone
		{A020443F-2322-4EB0-BD3A-DB04CFB63D15}.Release|iPhone.Build.0 = Release|iPhone
		{A020443F-2322-4EB0-BD3A-DB04CFB63D15}.Release|iPhoneSimulator.ActiveCfg = Release|iPhoneSimulator
		{A020443F-2322-4EB0-BD3A-DB04CFB63D15}.Release|iPhoneSimulator.Build.0 = Release|iPhoneSimulator
		{CA7F40A4-2604-4EBE-B353-D05B7099A49B}.Ad-Hoc|iPhone.ActiveCfg = Debug|Any CPU
		{CA7F40A4-2604-4EBE-B353-D05B7099A49B}.Ad-Hoc|iPhone.Build.0 = Debug|Any CPU
		{CA7F40A4-2604-4EBE-B353-D05B7099A49B}.AppStore|iPhone.ActiveCfg = Debug|Any CPU
		{CA7F40A4-2604-4EBE-B353-D05B7099A49B}.AppStore|iPhone.Build.0 = Debug|Any CPU
		{CA7F40A4-2604-4EBE-B353-D05B7099A49B}.Debug|Any CPU.ActiveCfg = Debug|Any CPU
		{CA7F40A4-2604-4EBE-B353-D05B7099A49B}.Debug|Any CPU.Build.0 = Debug|Any CPU
		{CA7F40A4-2604-4EBE-B353-D05B7099A49B}.Debug|iPhone.ActiveCfg = Debug|Any CPU
		{CA7F40A4-2604-4EBE-B353-D05B7099A49B}.Debug|iPhone.Build.0 = Debug|Any CPU
		{CA7F40A4-2604-4EBE-B353-D05B7099A49B}.Debug|iPhoneSimulator.ActiveCfg = Debug|Any CPU
		{CA7F40A4-2604-4EBE-B353-D05B7099A49B}.Debug|iPhoneSimulator.Build.0 = Debug|Any CPU
		{CA7F40A4-2604-4EBE-B353-D05B7099A49B}.Release|Any CPU.ActiveCfg = Release|Any CPU
		{CA7F40A4-2604-4EBE-B353-D05B7099A49B}.Release|Any CPU.Build.0 = Release|Any CPU
		{CA7F40A4-2604-4EBE-B353-D05B7099A49B}.Release|iPhone.ActiveCfg = Release|Any CPU
		{CA7F40A4-2604-4EBE-B353-D05B7099A49B}.Release|iPhone.Build.0 = Release|Any CPU
		{CA7F40A4-2604-4EBE-B353-D05B7099A49B}.Release|iPhoneSimulator.ActiveCfg = Release|Any CPU
		{CA7F40A4-2604-4EBE-B353-D05B7099A49B}.Release|iPhoneSimulator.Build.0 = Release|Any CPU
	EndGlobalSection
EndGlobal
