
Microsoft Visual Studio Solution File, Format Version 12.00
# Visual Studio 2012
Project("{FAE04EC0-301F-11D3-BF4B-00C04F79EFBC}") = "wodstar-android", "wodstar-android\wodstar-android.csproj", "{5DF7F517-54AE-4A2E-B607-588224F816D3}"
EndProject
Global
	GlobalSection(SolutionConfigurationPlatforms) = preSolution
		Debug|Any CPU = Debug|Any CPU
		Release|Any CPU = Release|Any CPU
	EndGlobalSection
	GlobalSection(ProjectConfigurationPlatforms) = postSolution
		{5DF7F517-54AE-4A2E-B607-588224F816D3}.Debug|Any CPU.ActiveCfg = Debug|Any CPU
		{5DF7F517-54AE-4A2E-B607-588224F816D3}.Debug|Any CPU.Build.0 = Debug|Any CPU
		{5DF7F517-54AE-4A2E-B607-588224F816D3}.Release|Any CPU.ActiveCfg = Release|Any CPU
		{5DF7F517-54AE-4A2E-B607-588224F816D3}.Release|Any CPU.Build.0 = Release|Any CPU
	EndGlobalSection
EndGlobal
